// !$*UTF8*$!
{
	archiveVersion = 1;
	classes = {
	};
	objectVersion = 55;
	objects = {

/* Begin PBXBuildFile section */
		4A2B0815F1EC1F47A435EDBC /* Pods_JobSeek.framework in Frameworks */ = {isa = PBXBuildFile; fileRef = DD8A4F12682A0F8719DBD211 /* Pods_JobSeek.framework */; };
		64198E3C282145DD00CE44BA /* SignUpLogInButtons.swift in Sources */ = {isa = PBXBuildFile; fileRef = 64198E3B282145DD00CE44BA /* SignUpLogInButtons.swift */; };
		64198E3E28214C8A00CE44BA /* LogInRegisterTextField.swift in Sources */ = {isa = PBXBuildFile; fileRef = 64198E3D28214C8A00CE44BA /* LogInRegisterTextField.swift */; };
		64198E4128215C4A00CE44BA /* LogInViewController.swift in Sources */ = {isa = PBXBuildFile; fileRef = 64198E4028215C4A00CE44BA /* LogInViewController.swift */; };
		643694ED2828D93F00FCCDD5 /* ProfileName.swift in Sources */ = {isa = PBXBuildFile; fileRef = 643694EC2828D93F00FCCDD5 /* ProfileName.swift */; };
		643694EF2828D95700FCCDD5 /* ProfileDesignation.swift in Sources */ = {isa = PBXBuildFile; fileRef = 643694EE2828D95700FCCDD5 /* ProfileDesignation.swift */; };
		643694F12828D9B200FCCDD5 /* ProfileScores.swift in Sources */ = {isa = PBXBuildFile; fileRef = 643694F02828D9B200FCCDD5 /* ProfileScores.swift */; };
		643694F32828D9EE00FCCDD5 /* ProfileScoreLabels.swift in Sources */ = {isa = PBXBuildFile; fileRef = 643694F22828D9EE00FCCDD5 /* ProfileScoreLabels.swift */; };
		643694F52828DA3A00FCCDD5 /* ProfileFieldsHeading.swift in Sources */ = {isa = PBXBuildFile; fileRef = 643694F42828DA3A00FCCDD5 /* ProfileFieldsHeading.swift */; };
		643694F72828DAC900FCCDD5 /* ProfileFieldTitle1.swift in Sources */ = {isa = PBXBuildFile; fileRef = 643694F62828DAC900FCCDD5 /* ProfileFieldTitle1.swift */; };
		643694F92828DAD600FCCDD5 /* ProfileFieldTitle2.swift in Sources */ = {isa = PBXBuildFile; fileRef = 643694F82828DAD600FCCDD5 /* ProfileFieldTitle2.swift */; };
		643694FB2828DB2800FCCDD5 /* ProfileFieldSubtitle.swift in Sources */ = {isa = PBXBuildFile; fileRef = 643694FA2828DB2800FCCDD5 /* ProfileFieldSubtitle.swift */; };
		6444953D2822DD8700F5FA1F /* OnBoardingViewController.swift in Sources */ = {isa = PBXBuildFile; fileRef = 6444953C2822DD8700F5FA1F /* OnBoardingViewController.swift */; };
		644495412822DDD500F5FA1F /* Screen.swift in Sources */ = {isa = PBXBuildFile; fileRef = 644495402822DDD500F5FA1F /* Screen.swift */; };
		644495432822DDE200F5FA1F /* OnBoardingCollectionViewCell.swift in Sources */ = {isa = PBXBuildFile; fileRef = 644495422822DDE200F5FA1F /* OnBoardingCollectionViewCell.swift */; };
		64555DA2281AC7190019CA37 /* AppDelegate.swift in Sources */ = {isa = PBXBuildFile; fileRef = 64555DA1281AC7190019CA37 /* AppDelegate.swift */; };
		64555DA4281AC7190019CA37 /* SceneDelegate.swift in Sources */ = {isa = PBXBuildFile; fileRef = 64555DA3281AC7190019CA37 /* SceneDelegate.swift */; };
		64555DA6281AC7190019CA37 /* RegisterViewController.swift in Sources */ = {isa = PBXBuildFile; fileRef = 64555DA5281AC7190019CA37 /* RegisterViewController.swift */; };
		64555DA9281AC7190019CA37 /* Authentication.storyboard in Resources */ = {isa = PBXBuildFile; fileRef = 64555DA7281AC7190019CA37 /* Authentication.storyboard */; };
		64555DAB281AC71D0019CA37 /* Assets.xcassets in Resources */ = {isa = PBXBuildFile; fileRef = 64555DAA281AC71D0019CA37 /* Assets.xcassets */; };
		64555DAE281AC71D0019CA37 /* LaunchScreen.storyboard in Resources */ = {isa = PBXBuildFile; fileRef = 64555DAC281AC71D0019CA37 /* LaunchScreen.storyboard */; };
		64555DB7281AC91C0019CA37 /* BaseButton.swift in Sources */ = {isa = PBXBuildFile; fileRef = 64555DB6281AC91C0019CA37 /* BaseButton.swift */; };
		64555DB9281ACC8C0019CA37 /* BaseTextField.swift in Sources */ = {isa = PBXBuildFile; fileRef = 64555DB8281ACC8C0019CA37 /* BaseTextField.swift */; };
		6455CB11282A2CC1001F39BD /* ButtonLinkString.swift in Sources */ = {isa = PBXBuildFile; fileRef = 6455CB10282A2CC1001F39BD /* ButtonLinkString.swift */; };
		64953924281F957D00DD67AE /* BaseImage.swift in Sources */ = {isa = PBXBuildFile; fileRef = 64953923281F957D00DD67AE /* BaseImage.swift */; };
		64953950281FF7CD00DD67AE /* BaseLabel.swift in Sources */ = {isa = PBXBuildFile; fileRef = 6495394F281FF7CD00DD67AE /* BaseLabel.swift */; };
		6495395528202EED00DD67AE /* (null) in Sources */ = {isa = PBXBuildFile; };
		64B5C09D2834BF1D00A4E7B7 /* ProfileCoordinator.swift in Sources */ = {isa = PBXBuildFile; fileRef = 64B5C09C2834BF1D00A4E7B7 /* ProfileCoordinator.swift */; };
		64B5C09F2834C43F00A4E7B7 /* ButtonLightGrey.swift in Sources */ = {isa = PBXBuildFile; fileRef = 64B5C09E2834C43F00A4E7B7 /* ButtonLightGrey.swift */; };
		64C01D0A282A9BD600C996E1 /* AppCoordinator.swift in Sources */ = {isa = PBXBuildFile; fileRef = 64C01D09282A9BD600C996E1 /* AppCoordinator.swift */; };
		64C01D0C282A9C5C00C996E1 /* AuthenticationCoordinator.swift in Sources */ = {isa = PBXBuildFile; fileRef = 64C01D0B282A9C5C00C996E1 /* AuthenticationCoordinator.swift */; };
		64C01D0E282A9C9C00C996E1 /* Coordinator.swift in Sources */ = {isa = PBXBuildFile; fileRef = 64C01D0D282A9C9C00C996E1 /* Coordinator.swift */; };
		64C01D10282A9E1100C996E1 /* Storyboarded.swift in Sources */ = {isa = PBXBuildFile; fileRef = 64C01D0F282A9E1100C996E1 /* Storyboarded.swift */; };
		64D19E682823D51B005937E1 /* Profile.storyboard in Resources */ = {isa = PBXBuildFile; fileRef = 64D19E672823D51B005937E1 /* Profile.storyboard */; };
		64D19E6A2823D55A005937E1 /* ProfileViewController.swift in Sources */ = {isa = PBXBuildFile; fileRef = 64D19E692823D55A005937E1 /* ProfileViewController.swift */; };
		64D3F7EF28212D700094BCC5 /* MainHeading.swift in Sources */ = {isa = PBXBuildFile; fileRef = 64D3F7EE28212D700094BCC5 /* MainHeading.swift */; };
		64D3F7F128212DD60094BCC5 /* SecodaryLabel.swift in Sources */ = {isa = PBXBuildFile; fileRef = 64D3F7F028212DD60094BCC5 /* SecodaryLabel.swift */; };
		64D3F7F3282131DB0094BCC5 /* ThirdLabel.swift in Sources */ = {isa = PBXBuildFile; fileRef = 64D3F7F2282131DB0094BCC5 /* ThirdLabel.swift */; };
		64D3F8072821398F0094BCC5 /* Poppins-BoldItalic.ttf in Resources */ = {isa = PBXBuildFile; fileRef = 64D3F7F42821398D0094BCC5 /* Poppins-BoldItalic.ttf */; };
		64D3F8082821398F0094BCC5 /* Poppins-Medium.ttf in Resources */ = {isa = PBXBuildFile; fileRef = 64D3F7F52821398D0094BCC5 /* Poppins-Medium.ttf */; };
		64D3F8092821398F0094BCC5 /* Poppins-Thin.ttf in Resources */ = {isa = PBXBuildFile; fileRef = 64D3F7F62821398D0094BCC5 /* Poppins-Thin.ttf */; };
		64D3F80A2821398F0094BCC5 /* Poppins-Light.ttf in Resources */ = {isa = PBXBuildFile; fileRef = 64D3F7F72821398D0094BCC5 /* Poppins-Light.ttf */; };
		64D3F80B2821398F0094BCC5 /* Poppins-Black.ttf in Resources */ = {isa = PBXBuildFile; fileRef = 64D3F7F82821398E0094BCC5 /* Poppins-Black.ttf */; };
		64D3F80C2821398F0094BCC5 /* Poppins-MediumItalic.ttf in Resources */ = {isa = PBXBuildFile; fileRef = 64D3F7F92821398E0094BCC5 /* Poppins-MediumItalic.ttf */; };
		64D3F80D2821398F0094BCC5 /* Poppins-ExtraBoldItalic.ttf in Resources */ = {isa = PBXBuildFile; fileRef = 64D3F7FA2821398E0094BCC5 /* Poppins-ExtraBoldItalic.ttf */; };
		64D3F80E2821398F0094BCC5 /* Poppins-ExtraLightItalic.ttf in Resources */ = {isa = PBXBuildFile; fileRef = 64D3F7FB2821398E0094BCC5 /* Poppins-ExtraLightItalic.ttf */; };
		64D3F80F2821398F0094BCC5 /* Poppins-BlackItalic.ttf in Resources */ = {isa = PBXBuildFile; fileRef = 64D3F7FC2821398E0094BCC5 /* Poppins-BlackItalic.ttf */; };
		64D3F8102821398F0094BCC5 /* Poppins-SemiBold.ttf in Resources */ = {isa = PBXBuildFile; fileRef = 64D3F7FD2821398E0094BCC5 /* Poppins-SemiBold.ttf */; };
		64D3F8112821398F0094BCC5 /* OFL.txt in Resources */ = {isa = PBXBuildFile; fileRef = 64D3F7FE2821398E0094BCC5 /* OFL.txt */; };
		64D3F8122821398F0094BCC5 /* Poppins-ThinItalic.ttf in Resources */ = {isa = PBXBuildFile; fileRef = 64D3F7FF2821398E0094BCC5 /* Poppins-ThinItalic.ttf */; };
		64D3F8132821398F0094BCC5 /* Poppins-Regular.ttf in Resources */ = {isa = PBXBuildFile; fileRef = 64D3F8002821398E0094BCC5 /* Poppins-Regular.ttf */; };
		64D3F8142821398F0094BCC5 /* Poppins-Italic.ttf in Resources */ = {isa = PBXBuildFile; fileRef = 64D3F8012821398E0094BCC5 /* Poppins-Italic.ttf */; };
		64D3F8152821398F0094BCC5 /* Poppins-SemiBoldItalic.ttf in Resources */ = {isa = PBXBuildFile; fileRef = 64D3F8022821398E0094BCC5 /* Poppins-SemiBoldItalic.ttf */; };
		64D3F8162821398F0094BCC5 /* Poppins-ExtraLight.ttf in Resources */ = {isa = PBXBuildFile; fileRef = 64D3F8032821398E0094BCC5 /* Poppins-ExtraLight.ttf */; };
		64D3F8172821398F0094BCC5 /* Poppins-LightItalic.ttf in Resources */ = {isa = PBXBuildFile; fileRef = 64D3F8042821398F0094BCC5 /* Poppins-LightItalic.ttf */; };
		64D3F8182821398F0094BCC5 /* Poppins-ExtraBold.ttf in Resources */ = {isa = PBXBuildFile; fileRef = 64D3F8052821398F0094BCC5 /* Poppins-ExtraBold.ttf */; };
		64D3F8192821398F0094BCC5 /* Poppins-Bold.ttf in Resources */ = {isa = PBXBuildFile; fileRef = 64D3F8062821398F0094BCC5 /* Poppins-Bold.ttf */; };
		64D4F1EC2822DC6700DD98A9 /* OnBoarding.storyboard in Resources */ = {isa = PBXBuildFile; fileRef = 64D4F1EB2822DC6700DD98A9 /* OnBoarding.storyboard */; };
		64F635D5282CD67700B274C9 /* OnBoardingCoordinator.swift in Sources */ = {isa = PBXBuildFile; fileRef = 64F635D4282CD67700B274C9 /* OnBoardingCoordinator.swift */; };
		64F84ED62828EBF2001078EA /* ProfileFieldResumeTitle.swift in Sources */ = {isa = PBXBuildFile; fileRef = 64F84ED52828EBF2001078EA /* ProfileFieldResumeTitle.swift */; };
		64F84ED82828EC2E001078EA /* ProfileFieldResumeSubtitle.swift in Sources */ = {isa = PBXBuildFile; fileRef = 64F84ED72828EC2E001078EA /* ProfileFieldResumeSubtitle.swift */; };
		64F84EDA2828EC54001078EA /* ProfileFieldResumeDescription.swift in Sources */ = {isa = PBXBuildFile; fileRef = 64F84ED92828EC54001078EA /* ProfileFieldResumeDescription.swift */; };
		64F84EDF2828F756001078EA /* ProfileFieldSeeAll.swift in Sources */ = {isa = PBXBuildFile; fileRef = 64F84EDE2828F756001078EA /* ProfileFieldSeeAll.swift */; };
/* End PBXBuildFile section */

/* Begin PBXFileReference section */
		27AD8E9F18DF84D1F7AE2CF6 /* Pods-JobSeek.debug.xcconfig */ = {isa = PBXFileReference; includeInIndex = 1; lastKnownFileType = text.xcconfig; name = "Pods-JobSeek.debug.xcconfig"; path = "Target Support Files/Pods-JobSeek/Pods-JobSeek.debug.xcconfig"; sourceTree = "<group>"; };
		64198E3B282145DD00CE44BA /* SignUpLogInButtons.swift */ = {isa = PBXFileReference; lastKnownFileType = sourcecode.swift; path = SignUpLogInButtons.swift; sourceTree = "<group>"; };
		64198E3D28214C8A00CE44BA /* LogInRegisterTextField.swift */ = {isa = PBXFileReference; lastKnownFileType = sourcecode.swift; path = LogInRegisterTextField.swift; sourceTree = "<group>"; };
		64198E4028215C4A00CE44BA /* LogInViewController.swift */ = {isa = PBXFileReference; lastKnownFileType = sourcecode.swift; path = LogInViewController.swift; sourceTree = "<group>"; };
		643694EC2828D93F00FCCDD5 /* ProfileName.swift */ = {isa = PBXFileReference; lastKnownFileType = sourcecode.swift; path = ProfileName.swift; sourceTree = "<group>"; };
		643694EE2828D95700FCCDD5 /* ProfileDesignation.swift */ = {isa = PBXFileReference; lastKnownFileType = sourcecode.swift; path = ProfileDesignation.swift; sourceTree = "<group>"; };
		643694F02828D9B200FCCDD5 /* ProfileScores.swift */ = {isa = PBXFileReference; lastKnownFileType = sourcecode.swift; path = ProfileScores.swift; sourceTree = "<group>"; };
		643694F22828D9EE00FCCDD5 /* ProfileScoreLabels.swift */ = {isa = PBXFileReference; lastKnownFileType = sourcecode.swift; path = ProfileScoreLabels.swift; sourceTree = "<group>"; };
		643694F42828DA3A00FCCDD5 /* ProfileFieldsHeading.swift */ = {isa = PBXFileReference; lastKnownFileType = sourcecode.swift; path = ProfileFieldsHeading.swift; sourceTree = "<group>"; };
		643694F62828DAC900FCCDD5 /* ProfileFieldTitle1.swift */ = {isa = PBXFileReference; lastKnownFileType = sourcecode.swift; path = ProfileFieldTitle1.swift; sourceTree = "<group>"; };
		643694F82828DAD600FCCDD5 /* ProfileFieldTitle2.swift */ = {isa = PBXFileReference; lastKnownFileType = sourcecode.swift; path = ProfileFieldTitle2.swift; sourceTree = "<group>"; };
		643694FA2828DB2800FCCDD5 /* ProfileFieldSubtitle.swift */ = {isa = PBXFileReference; lastKnownFileType = sourcecode.swift; path = ProfileFieldSubtitle.swift; sourceTree = "<group>"; };
		6444953C2822DD8700F5FA1F /* OnBoardingViewController.swift */ = {isa = PBXFileReference; lastKnownFileType = sourcecode.swift; path = OnBoardingViewController.swift; sourceTree = "<group>"; };
		644495402822DDD500F5FA1F /* Screen.swift */ = {isa = PBXFileReference; fileEncoding = 4; lastKnownFileType = sourcecode.swift; path = Screen.swift; sourceTree = "<group>"; };
		644495422822DDE200F5FA1F /* OnBoardingCollectionViewCell.swift */ = {isa = PBXFileReference; fileEncoding = 4; lastKnownFileType = sourcecode.swift; path = OnBoardingCollectionViewCell.swift; sourceTree = "<group>"; };
		64555D9E281AC7190019CA37 /* JobSeek.app */ = {isa = PBXFileReference; explicitFileType = wrapper.application; includeInIndex = 0; path = JobSeek.app; sourceTree = BUILT_PRODUCTS_DIR; };
		64555DA1281AC7190019CA37 /* AppDelegate.swift */ = {isa = PBXFileReference; lastKnownFileType = sourcecode.swift; path = AppDelegate.swift; sourceTree = "<group>"; };
		64555DA3281AC7190019CA37 /* SceneDelegate.swift */ = {isa = PBXFileReference; lastKnownFileType = sourcecode.swift; path = SceneDelegate.swift; sourceTree = "<group>"; };
		64555DA5281AC7190019CA37 /* RegisterViewController.swift */ = {isa = PBXFileReference; lastKnownFileType = sourcecode.swift; path = RegisterViewController.swift; sourceTree = "<group>"; };
		64555DA8281AC7190019CA37 /* Base */ = {isa = PBXFileReference; lastKnownFileType = file.storyboard; name = Base; path = Base.lproj/Authentication.storyboard; sourceTree = "<group>"; };
		64555DAA281AC71D0019CA37 /* Assets.xcassets */ = {isa = PBXFileReference; lastKnownFileType = folder.assetcatalog; path = Assets.xcassets; sourceTree = "<group>"; };
		64555DAD281AC71D0019CA37 /* Base */ = {isa = PBXFileReference; lastKnownFileType = file.storyboard; name = Base; path = Base.lproj/LaunchScreen.storyboard; sourceTree = "<group>"; };
		64555DAF281AC71D0019CA37 /* Info.plist */ = {isa = PBXFileReference; lastKnownFileType = text.plist.xml; path = Info.plist; sourceTree = "<group>"; };
		64555DB6281AC91C0019CA37 /* BaseButton.swift */ = {isa = PBXFileReference; fileEncoding = 4; lastKnownFileType = sourcecode.swift; path = BaseButton.swift; sourceTree = "<group>"; };
		64555DB8281ACC8C0019CA37 /* BaseTextField.swift */ = {isa = PBXFileReference; fileEncoding = 4; lastKnownFileType = sourcecode.swift; path = BaseTextField.swift; sourceTree = "<group>"; };
		6455CB10282A2CC1001F39BD /* ButtonLinkString.swift */ = {isa = PBXFileReference; fileEncoding = 4; lastKnownFileType = sourcecode.swift; path = ButtonLinkString.swift; sourceTree = "<group>"; };
		64953923281F957D00DD67AE /* BaseImage.swift */ = {isa = PBXFileReference; lastKnownFileType = sourcecode.swift; path = BaseImage.swift; sourceTree = "<group>"; };
		6495394F281FF7CD00DD67AE /* BaseLabel.swift */ = {isa = PBXFileReference; lastKnownFileType = sourcecode.swift; path = BaseLabel.swift; sourceTree = "<group>"; };
		64B5C09C2834BF1D00A4E7B7 /* ProfileCoordinator.swift */ = {isa = PBXFileReference; lastKnownFileType = sourcecode.swift; path = ProfileCoordinator.swift; sourceTree = "<group>"; };
		64B5C09E2834C43F00A4E7B7 /* ButtonLightGrey.swift */ = {isa = PBXFileReference; fileEncoding = 4; lastKnownFileType = sourcecode.swift; path = ButtonLightGrey.swift; sourceTree = "<group>"; };
		64C01D09282A9BD600C996E1 /* AppCoordinator.swift */ = {isa = PBXFileReference; lastKnownFileType = sourcecode.swift; path = AppCoordinator.swift; sourceTree = "<group>"; };
		64C01D0B282A9C5C00C996E1 /* AuthenticationCoordinator.swift */ = {isa = PBXFileReference; lastKnownFileType = sourcecode.swift; path = AuthenticationCoordinator.swift; sourceTree = "<group>"; };
		64C01D0D282A9C9C00C996E1 /* Coordinator.swift */ = {isa = PBXFileReference; lastKnownFileType = sourcecode.swift; path = Coordinator.swift; sourceTree = "<group>"; };
		64C01D0F282A9E1100C996E1 /* Storyboarded.swift */ = {isa = PBXFileReference; lastKnownFileType = sourcecode.swift; path = Storyboarded.swift; sourceTree = "<group>"; };
		64D19E672823D51B005937E1 /* Profile.storyboard */ = {isa = PBXFileReference; lastKnownFileType = file.storyboard; path = Profile.storyboard; sourceTree = "<group>"; };
		64D19E692823D55A005937E1 /* ProfileViewController.swift */ = {isa = PBXFileReference; lastKnownFileType = sourcecode.swift; path = ProfileViewController.swift; sourceTree = "<group>"; };
		64D3F7EE28212D700094BCC5 /* MainHeading.swift */ = {isa = PBXFileReference; lastKnownFileType = sourcecode.swift; path = MainHeading.swift; sourceTree = "<group>"; };
		64D3F7F028212DD60094BCC5 /* SecodaryLabel.swift */ = {isa = PBXFileReference; lastKnownFileType = sourcecode.swift; path = SecodaryLabel.swift; sourceTree = "<group>"; };
		64D3F7F2282131DB0094BCC5 /* ThirdLabel.swift */ = {isa = PBXFileReference; lastKnownFileType = sourcecode.swift; path = ThirdLabel.swift; sourceTree = "<group>"; };
		64D3F7F42821398D0094BCC5 /* Poppins-BoldItalic.ttf */ = {isa = PBXFileReference; lastKnownFileType = file; path = "Poppins-BoldItalic.ttf"; sourceTree = "<group>"; };
		64D3F7F52821398D0094BCC5 /* Poppins-Medium.ttf */ = {isa = PBXFileReference; lastKnownFileType = file; path = "Poppins-Medium.ttf"; sourceTree = "<group>"; };
		64D3F7F62821398D0094BCC5 /* Poppins-Thin.ttf */ = {isa = PBXFileReference; lastKnownFileType = file; path = "Poppins-Thin.ttf"; sourceTree = "<group>"; };
		64D3F7F72821398D0094BCC5 /* Poppins-Light.ttf */ = {isa = PBXFileReference; lastKnownFileType = file; path = "Poppins-Light.ttf"; sourceTree = "<group>"; };
		64D3F7F82821398E0094BCC5 /* Poppins-Black.ttf */ = {isa = PBXFileReference; lastKnownFileType = file; path = "Poppins-Black.ttf"; sourceTree = "<group>"; };
		64D3F7F92821398E0094BCC5 /* Poppins-MediumItalic.ttf */ = {isa = PBXFileReference; lastKnownFileType = file; path = "Poppins-MediumItalic.ttf"; sourceTree = "<group>"; };
		64D3F7FA2821398E0094BCC5 /* Poppins-ExtraBoldItalic.ttf */ = {isa = PBXFileReference; lastKnownFileType = file; path = "Poppins-ExtraBoldItalic.ttf"; sourceTree = "<group>"; };
		64D3F7FB2821398E0094BCC5 /* Poppins-ExtraLightItalic.ttf */ = {isa = PBXFileReference; lastKnownFileType = file; path = "Poppins-ExtraLightItalic.ttf"; sourceTree = "<group>"; };
		64D3F7FC2821398E0094BCC5 /* Poppins-BlackItalic.ttf */ = {isa = PBXFileReference; lastKnownFileType = file; path = "Poppins-BlackItalic.ttf"; sourceTree = "<group>"; };
		64D3F7FD2821398E0094BCC5 /* Poppins-SemiBold.ttf */ = {isa = PBXFileReference; lastKnownFileType = file; path = "Poppins-SemiBold.ttf"; sourceTree = "<group>"; };
		64D3F7FE2821398E0094BCC5 /* OFL.txt */ = {isa = PBXFileReference; fileEncoding = 4; lastKnownFileType = text; path = OFL.txt; sourceTree = "<group>"; };
		64D3F7FF2821398E0094BCC5 /* Poppins-ThinItalic.ttf */ = {isa = PBXFileReference; lastKnownFileType = file; path = "Poppins-ThinItalic.ttf"; sourceTree = "<group>"; };
		64D3F8002821398E0094BCC5 /* Poppins-Regular.ttf */ = {isa = PBXFileReference; lastKnownFileType = file; path = "Poppins-Regular.ttf"; sourceTree = "<group>"; };
		64D3F8012821398E0094BCC5 /* Poppins-Italic.ttf */ = {isa = PBXFileReference; lastKnownFileType = file; path = "Poppins-Italic.ttf"; sourceTree = "<group>"; };
		64D3F8022821398E0094BCC5 /* Poppins-SemiBoldItalic.ttf */ = {isa = PBXFileReference; lastKnownFileType = file; path = "Poppins-SemiBoldItalic.ttf"; sourceTree = "<group>"; };
		64D3F8032821398E0094BCC5 /* Poppins-ExtraLight.ttf */ = {isa = PBXFileReference; lastKnownFileType = file; path = "Poppins-ExtraLight.ttf"; sourceTree = "<group>"; };
		64D3F8042821398F0094BCC5 /* Poppins-LightItalic.ttf */ = {isa = PBXFileReference; lastKnownFileType = file; path = "Poppins-LightItalic.ttf"; sourceTree = "<group>"; };
		64D3F8052821398F0094BCC5 /* Poppins-ExtraBold.ttf */ = {isa = PBXFileReference; lastKnownFileType = file; path = "Poppins-ExtraBold.ttf"; sourceTree = "<group>"; };
		64D3F8062821398F0094BCC5 /* Poppins-Bold.ttf */ = {isa = PBXFileReference; lastKnownFileType = file; path = "Poppins-Bold.ttf"; sourceTree = "<group>"; };
		64D4F1EB2822DC6700DD98A9 /* OnBoarding.storyboard */ = {isa = PBXFileReference; lastKnownFileType = file.storyboard; path = OnBoarding.storyboard; sourceTree = "<group>"; };
		64F635D4282CD67700B274C9 /* OnBoardingCoordinator.swift */ = {isa = PBXFileReference; lastKnownFileType = sourcecode.swift; path = OnBoardingCoordinator.swift; sourceTree = "<group>"; };
		64F84ED52828EBF2001078EA /* ProfileFieldResumeTitle.swift */ = {isa = PBXFileReference; lastKnownFileType = sourcecode.swift; path = ProfileFieldResumeTitle.swift; sourceTree = "<group>"; };
		64F84ED72828EC2E001078EA /* ProfileFieldResumeSubtitle.swift */ = {isa = PBXFileReference; lastKnownFileType = sourcecode.swift; path = ProfileFieldResumeSubtitle.swift; sourceTree = "<group>"; };
		64F84ED92828EC54001078EA /* ProfileFieldResumeDescription.swift */ = {isa = PBXFileReference; lastKnownFileType = sourcecode.swift; path = ProfileFieldResumeDescription.swift; sourceTree = "<group>"; };
		64F84EDE2828F756001078EA /* ProfileFieldSeeAll.swift */ = {isa = PBXFileReference; lastKnownFileType = sourcecode.swift; path = ProfileFieldSeeAll.swift; sourceTree = "<group>"; };
		DD8A4F12682A0F8719DBD211 /* Pods_JobSeek.framework */ = {isa = PBXFileReference; explicitFileType = wrapper.framework; includeInIndex = 0; path = Pods_JobSeek.framework; sourceTree = BUILT_PRODUCTS_DIR; };
		EFBA358AFC2C62EAD5FDD74B /* Pods-JobSeek.release.xcconfig */ = {isa = PBXFileReference; includeInIndex = 1; lastKnownFileType = text.xcconfig; name = "Pods-JobSeek.release.xcconfig"; path = "Target Support Files/Pods-JobSeek/Pods-JobSeek.release.xcconfig"; sourceTree = "<group>"; };
/* End PBXFileReference section */

/* Begin PBXFrameworksBuildPhase section */
		64555D9B281AC7190019CA37 /* Frameworks */ = {
			isa = PBXFrameworksBuildPhase;
			buildActionMask = 2147483647;
			files = (
				4A2B0815F1EC1F47A435EDBC /* Pods_JobSeek.framework in Frameworks */,
			);
			runOnlyForDeploymentPostprocessing = 0;
		};
/* End PBXFrameworksBuildPhase section */

/* Begin PBXGroup section */
		64198E3828213E6700CE44BA /* Storyboards */ = {
			isa = PBXGroup;
			children = (
				64555DA7281AC7190019CA37 /* Authentication.storyboard */,
				64D4F1EB2822DC6700DD98A9 /* OnBoarding.storyboard */,
				64D19E672823D51B005937E1 /* Profile.storyboard */,
			);
			path = Storyboards;
			sourceTree = "<group>";
		};
		64198E3928213E9F00CE44BA /* ViewControllers */ = {
			isa = PBXGroup;
			children = (
				64555DA5281AC7190019CA37 /* RegisterViewController.swift */,
				64198E4028215C4A00CE44BA /* LogInViewController.swift */,
				6444953C2822DD8700F5FA1F /* OnBoardingViewController.swift */,
				64D19E692823D55A005937E1 /* ProfileViewController.swift */,
			);
			path = ViewControllers;
			sourceTree = "<group>";
		};
		64198E3A282145B000CE44BA /* Buttons */ = {
			isa = PBXGroup;
			children = (
				64B5C09E2834C43F00A4E7B7 /* ButtonLightGrey.swift */,
				64198E3B282145DD00CE44BA /* SignUpLogInButtons.swift */,
				6455CB10282A2CC1001F39BD /* ButtonLinkString.swift */,
			);
			path = Buttons;
			sourceTree = "<group>";
		};
		64198E3F28214DAB00CE44BA /* TextFields */ = {
			isa = PBXGroup;
			children = (
				64198E3D28214C8A00CE44BA /* LogInRegisterTextField.swift */,
			);
			path = TextFields;
			sourceTree = "<group>";
		};
		6444953E2822DDB500F5FA1F /* Cells */ = {
			isa = PBXGroup;
			children = (
				644495422822DDE200F5FA1F /* OnBoardingCollectionViewCell.swift */,
			);
			path = Cells;
			sourceTree = "<group>";
		};
		6444953F2822DDC700F5FA1F /* Models */ = {
			isa = PBXGroup;
			children = (
				644495402822DDD500F5FA1F /* Screen.swift */,
			);
			path = Models;
			sourceTree = "<group>";
		};
		64555D95281AC7190019CA37 = {
			isa = PBXGroup;
			children = (
				64555DA0281AC7190019CA37 /* JobSeek */,
				64555D9F281AC7190019CA37 /* Products */,
				F813AFCFD077B6A8C97D1C1A /* Pods */,
				A8053270B4974EED1A739163 /* Frameworks */,
			);
			sourceTree = "<group>";
		};
		64555D9F281AC7190019CA37 /* Products */ = {
			isa = PBXGroup;
			children = (
				64555D9E281AC7190019CA37 /* JobSeek.app */,
			);
			name = Products;
			sourceTree = "<group>";
		};
		64555DA0281AC7190019CA37 /* JobSeek */ = {
			isa = PBXGroup;
			children = (
				64C01D08282A9BB300C996E1 /* Coordinators */,
				6444953F2822DDC700F5FA1F /* Models */,
				6444953E2822DDB500F5FA1F /* Cells */,
				64198E3928213E9F00CE44BA /* ViewControllers */,
				64198E3828213E6700CE44BA /* Storyboards */,
				64555DB5281AC8EC0019CA37 /* CustomControls */,
				64555DA1281AC7190019CA37 /* AppDelegate.swift */,
				64555DA3281AC7190019CA37 /* SceneDelegate.swift */,
				64555DAA281AC71D0019CA37 /* Assets.xcassets */,
				64555DAC281AC71D0019CA37 /* LaunchScreen.storyboard */,
				64555DAF281AC71D0019CA37 /* Info.plist */,
				64953928281FAAB500DD67AE /* Fonts */,
			);
			path = JobSeek;
			sourceTree = "<group>";
		};
		64555DB5281AC8EC0019CA37 /* CustomControls */ = {
			isa = PBXGroup;
			children = (
				64198E3F28214DAB00CE44BA /* TextFields */,
				64198E3A282145B000CE44BA /* Buttons */,
				64D3F7ED28212D260094BCC5 /* Labels */,
				64555DB6281AC91C0019CA37 /* BaseButton.swift */,
				64555DB8281ACC8C0019CA37 /* BaseTextField.swift */,
				64953923281F957D00DD67AE /* BaseImage.swift */,
				6495394F281FF7CD00DD67AE /* BaseLabel.swift */,
			);
			path = CustomControls;
			sourceTree = "<group>";
		};
		64953928281FAAB500DD67AE /* Fonts */ = {
			isa = PBXGroup;
			children = (
				64D3F7FE2821398E0094BCC5 /* OFL.txt */,
				64D3F7F82821398E0094BCC5 /* Poppins-Black.ttf */,
				64D3F7FC2821398E0094BCC5 /* Poppins-BlackItalic.ttf */,
				64D3F8062821398F0094BCC5 /* Poppins-Bold.ttf */,
				64D3F7F42821398D0094BCC5 /* Poppins-BoldItalic.ttf */,
				64D3F8052821398F0094BCC5 /* Poppins-ExtraBold.ttf */,
				64D3F7FA2821398E0094BCC5 /* Poppins-ExtraBoldItalic.ttf */,
				64D3F8032821398E0094BCC5 /* Poppins-ExtraLight.ttf */,
				64D3F7FB2821398E0094BCC5 /* Poppins-ExtraLightItalic.ttf */,
				64D3F8012821398E0094BCC5 /* Poppins-Italic.ttf */,
				64D3F7F72821398D0094BCC5 /* Poppins-Light.ttf */,
				64D3F8042821398F0094BCC5 /* Poppins-LightItalic.ttf */,
				64D3F7F52821398D0094BCC5 /* Poppins-Medium.ttf */,
				64D3F7F92821398E0094BCC5 /* Poppins-MediumItalic.ttf */,
				64D3F8002821398E0094BCC5 /* Poppins-Regular.ttf */,
				64D3F7FD2821398E0094BCC5 /* Poppins-SemiBold.ttf */,
				64D3F8022821398E0094BCC5 /* Poppins-SemiBoldItalic.ttf */,
				64D3F7F62821398D0094BCC5 /* Poppins-Thin.ttf */,
				64D3F7FF2821398E0094BCC5 /* Poppins-ThinItalic.ttf */,
			);
			path = Fonts;
			sourceTree = "<group>";
		};
		64C01D08282A9BB300C996E1 /* Coordinators */ = {
			isa = PBXGroup;
			children = (
				64C01D09282A9BD600C996E1 /* AppCoordinator.swift */,
				64C01D0B282A9C5C00C996E1 /* AuthenticationCoordinator.swift */,
				64C01D0D282A9C9C00C996E1 /* Coordinator.swift */,
				64C01D0F282A9E1100C996E1 /* Storyboarded.swift */,
				64F635D4282CD67700B274C9 /* OnBoardingCoordinator.swift */,
				64B5C09C2834BF1D00A4E7B7 /* ProfileCoordinator.swift */,
			);
			path = Coordinators;
			sourceTree = "<group>";
		};
		64D3F7ED28212D260094BCC5 /* Labels */ = {
			isa = PBXGroup;
			children = (
				64D3F7EE28212D700094BCC5 /* MainHeading.swift */,
				64D3F7F028212DD60094BCC5 /* SecodaryLabel.swift */,
				64D3F7F2282131DB0094BCC5 /* ThirdLabel.swift */,
				643694EC2828D93F00FCCDD5 /* ProfileName.swift */,
				643694EE2828D95700FCCDD5 /* ProfileDesignation.swift */,
				643694F02828D9B200FCCDD5 /* ProfileScores.swift */,
				643694F22828D9EE00FCCDD5 /* ProfileScoreLabels.swift */,
				643694F42828DA3A00FCCDD5 /* ProfileFieldsHeading.swift */,
				643694F62828DAC900FCCDD5 /* ProfileFieldTitle1.swift */,
				643694F82828DAD600FCCDD5 /* ProfileFieldTitle2.swift */,
				643694FA2828DB2800FCCDD5 /* ProfileFieldSubtitle.swift */,
				64F84ED52828EBF2001078EA /* ProfileFieldResumeTitle.swift */,
				64F84ED72828EC2E001078EA /* ProfileFieldResumeSubtitle.swift */,
				64F84ED92828EC54001078EA /* ProfileFieldResumeDescription.swift */,
				64F84EDE2828F756001078EA /* ProfileFieldSeeAll.swift */,
			);
			path = Labels;
			sourceTree = "<group>";
		};
		A8053270B4974EED1A739163 /* Frameworks */ = {
			isa = PBXGroup;
			children = (
				DD8A4F12682A0F8719DBD211 /* Pods_JobSeek.framework */,
			);
			name = Frameworks;
			sourceTree = "<group>";
		};
		F813AFCFD077B6A8C97D1C1A /* Pods */ = {
			isa = PBXGroup;
			children = (
				27AD8E9F18DF84D1F7AE2CF6 /* Pods-JobSeek.debug.xcconfig */,
				EFBA358AFC2C62EAD5FDD74B /* Pods-JobSeek.release.xcconfig */,
			);
			path = Pods;
			sourceTree = "<group>";
		};
/* End PBXGroup section */

/* Begin PBXNativeTarget section */
		64555D9D281AC7190019CA37 /* JobSeek */ = {
			isa = PBXNativeTarget;
			buildConfigurationList = 64555DB2281AC71D0019CA37 /* Build configuration list for PBXNativeTarget "JobSeek" */;
			buildPhases = (
				40775D5C293BFAE0693B1AC9 /* [CP] Check Pods Manifest.lock */,
				64555D9A281AC7190019CA37 /* Sources */,
				64555D9B281AC7190019CA37 /* Frameworks */,
				64555D9C281AC7190019CA37 /* Resources */,
				740312EAD8158089C80EE7FD /* [CP] Embed Pods Frameworks */,
			);
			buildRules = (
			);
			dependencies = (
			);
			name = JobSeek;
			productName = JobSeek;
			productReference = 64555D9E281AC7190019CA37 /* JobSeek.app */;
			productType = "com.apple.product-type.application";
		};
/* End PBXNativeTarget section */

/* Begin PBXProject section */
		64555D96281AC7190019CA37 /* Project object */ = {
			isa = PBXProject;
			attributes = {
				BuildIndependentTargetsInParallel = 1;
				LastSwiftUpdateCheck = 1310;
				LastUpgradeCheck = 1310;
				TargetAttributes = {
					64555D9D281AC7190019CA37 = {
						CreatedOnToolsVersion = 13.1;
					};
				};
			};
			buildConfigurationList = 64555D99281AC7190019CA37 /* Build configuration list for PBXProject "JobSeek" */;
			compatibilityVersion = "Xcode 13.0";
			developmentRegion = en;
			hasScannedForEncodings = 0;
			knownRegions = (
				en,
				Base,
			);
			mainGroup = 64555D95281AC7190019CA37;
			productRefGroup = 64555D9F281AC7190019CA37 /* Products */;
			projectDirPath = "";
			projectRoot = "";
			targets = (
				64555D9D281AC7190019CA37 /* JobSeek */,
			);
		};
/* End PBXProject section */

/* Begin PBXResourcesBuildPhase section */
		64555D9C281AC7190019CA37 /* Resources */ = {
			isa = PBXResourcesBuildPhase;
			buildActionMask = 2147483647;
			files = (
				64D3F8112821398F0094BCC5 /* OFL.txt in Resources */,
				64D4F1EC2822DC6700DD98A9 /* OnBoarding.storyboard in Resources */,
				64D3F8142821398F0094BCC5 /* Poppins-Italic.ttf in Resources */,
				64D3F80B2821398F0094BCC5 /* Poppins-Black.ttf in Resources */,
				64D3F80A2821398F0094BCC5 /* Poppins-Light.ttf in Resources */,
				64555DAE281AC71D0019CA37 /* LaunchScreen.storyboard in Resources */,
				64D3F8152821398F0094BCC5 /* Poppins-SemiBoldItalic.ttf in Resources */,
				64555DAB281AC71D0019CA37 /* Assets.xcassets in Resources */,
				64D3F8192821398F0094BCC5 /* Poppins-Bold.ttf in Resources */,
				64D3F8102821398F0094BCC5 /* Poppins-SemiBold.ttf in Resources */,
				64D3F80F2821398F0094BCC5 /* Poppins-BlackItalic.ttf in Resources */,
				64D3F8132821398F0094BCC5 /* Poppins-Regular.ttf in Resources */,
				64D3F8182821398F0094BCC5 /* Poppins-ExtraBold.ttf in Resources */,
				64D3F80D2821398F0094BCC5 /* Poppins-ExtraBoldItalic.ttf in Resources */,
				64D3F8172821398F0094BCC5 /* Poppins-LightItalic.ttf in Resources */,
				64555DA9281AC7190019CA37 /* Authentication.storyboard in Resources */,
				64D3F80E2821398F0094BCC5 /* Poppins-ExtraLightItalic.ttf in Resources */,
				64D3F8092821398F0094BCC5 /* Poppins-Thin.ttf in Resources */,
				64D19E682823D51B005937E1 /* Profile.storyboard in Resources */,
				64D3F8162821398F0094BCC5 /* Poppins-ExtraLight.ttf in Resources */,
				64D3F8072821398F0094BCC5 /* Poppins-BoldItalic.ttf in Resources */,
				64D3F8122821398F0094BCC5 /* Poppins-ThinItalic.ttf in Resources */,
				64D3F80C2821398F0094BCC5 /* Poppins-MediumItalic.ttf in Resources */,
				64D3F8082821398F0094BCC5 /* Poppins-Medium.ttf in Resources */,
			);
			runOnlyForDeploymentPostprocessing = 0;
		};
/* End PBXResourcesBuildPhase section */

/* Begin PBXShellScriptBuildPhase section */
		40775D5C293BFAE0693B1AC9 /* [CP] Check Pods Manifest.lock */ = {
			isa = PBXShellScriptBuildPhase;
			buildActionMask = 2147483647;
			files = (
			);
			inputFileListPaths = (
			);
			inputPaths = (
				"${PODS_PODFILE_DIR_PATH}/Podfile.lock",
				"${PODS_ROOT}/Manifest.lock",
			);
			name = "[CP] Check Pods Manifest.lock";
			outputFileListPaths = (
			);
			outputPaths = (
				"$(DERIVED_FILE_DIR)/Pods-JobSeek-checkManifestLockResult.txt",
			);
			runOnlyForDeploymentPostprocessing = 0;
			shellPath = /bin/sh;
			shellScript = "diff \"${PODS_PODFILE_DIR_PATH}/Podfile.lock\" \"${PODS_ROOT}/Manifest.lock\" > /dev/null\nif [ $? != 0 ] ; then\n    # print error to STDERR\n    echo \"error: The sandbox is not in sync with the Podfile.lock. Run 'pod install' or update your CocoaPods installation.\" >&2\n    exit 1\nfi\n# This output is used by Xcode 'outputs' to avoid re-running this script phase.\necho \"SUCCESS\" > \"${SCRIPT_OUTPUT_FILE_0}\"\n";
			showEnvVarsInLog = 0;
		};
		740312EAD8158089C80EE7FD /* [CP] Embed Pods Frameworks */ = {
			isa = PBXShellScriptBuildPhase;
			buildActionMask = 2147483647;
			files = (
			);
			inputFileListPaths = (
				"${PODS_ROOT}/Target Support Files/Pods-JobSeek/Pods-JobSeek-frameworks-${CONFIGURATION}-input-files.xcfilelist",
			);
			name = "[CP] Embed Pods Frameworks";
			outputFileListPaths = (
				"${PODS_ROOT}/Target Support Files/Pods-JobSeek/Pods-JobSeek-frameworks-${CONFIGURATION}-output-files.xcfilelist",
			);
			runOnlyForDeploymentPostprocessing = 0;
			shellPath = /bin/sh;
			shellScript = "\"${PODS_ROOT}/Target Support Files/Pods-JobSeek/Pods-JobSeek-frameworks.sh\"\n";
			showEnvVarsInLog = 0;
		};
/* End PBXShellScriptBuildPhase section */

/* Begin PBXSourcesBuildPhase section */
		64555D9A281AC7190019CA37 /* Sources */ = {
			isa = PBXSourcesBuildPhase;
			buildActionMask = 2147483647;
			files = (
				64555DB7281AC91C0019CA37 /* BaseButton.swift in Sources */,
				64B5C09F2834C43F00A4E7B7 /* ButtonLightGrey.swift in Sources */,
				64198E3C282145DD00CE44BA /* SignUpLogInButtons.swift in Sources */,
				64C01D10282A9E1100C996E1 /* Storyboarded.swift in Sources */,
				64C01D0E282A9C9C00C996E1 /* Coordinator.swift in Sources */,
				64C01D0A282A9BD600C996E1 /* AppCoordinator.swift in Sources */,
				6455CB11282A2CC1001F39BD /* ButtonLinkString.swift in Sources */,
				64D3F7EF28212D700094BCC5 /* MainHeading.swift in Sources */,
				64953950281FF7CD00DD67AE /* BaseLabel.swift in Sources */,
				64555DA6281AC7190019CA37 /* RegisterViewController.swift in Sources */,
				64B5C09D2834BF1D00A4E7B7 /* ProfileCoordinator.swift in Sources */,
				643694F52828DA3A00FCCDD5 /* ProfileFieldsHeading.swift in Sources */,
				643694F72828DAC900FCCDD5 /* ProfileFieldTitle1.swift in Sources */,
				64F84ED82828EC2E001078EA /* ProfileFieldResumeSubtitle.swift in Sources */,
				64D19E6A2823D55A005937E1 /* ProfileViewController.swift in Sources */,
				64F84ED62828EBF2001078EA /* ProfileFieldResumeTitle.swift in Sources */,
				643694F32828D9EE00FCCDD5 /* ProfileScoreLabels.swift in Sources */,
				643694F92828DAD600FCCDD5 /* ProfileFieldTitle2.swift in Sources */,
				6495395528202EED00DD67AE /* (null) in Sources */,
				643694F12828D9B200FCCDD5 /* ProfileScores.swift in Sources */,
				643694ED2828D93F00FCCDD5 /* ProfileName.swift in Sources */,
				64555DA2281AC7190019CA37 /* AppDelegate.swift in Sources */,
				64198E4128215C4A00CE44BA /* LogInViewController.swift in Sources */,
				644495432822DDE200F5FA1F /* OnBoardingCollectionViewCell.swift in Sources */,
				64198E3E28214C8A00CE44BA /* LogInRegisterTextField.swift in Sources */,
				64953924281F957D00DD67AE /* BaseImage.swift in Sources */,
				6444953D2822DD8700F5FA1F /* OnBoardingViewController.swift in Sources */,
				64555DA4281AC7190019CA37 /* SceneDelegate.swift in Sources */,
				64F635D5282CD67700B274C9 /* OnBoardingCoordinator.swift in Sources */,
				64555DB9281ACC8C0019CA37 /* BaseTextField.swift in Sources */,
				644495412822DDD500F5FA1F /* Screen.swift in Sources */,
				64D3F7F3282131DB0094BCC5 /* ThirdLabel.swift in Sources */,
				64C01D0C282A9C5C00C996E1 /* AuthenticationCoordinator.swift in Sources */,
				64D3F7F128212DD60094BCC5 /* SecodaryLabel.swift in Sources */,
				64F84EDA2828EC54001078EA /* ProfileFieldResumeDescription.swift in Sources */,
				643694FB2828DB2800FCCDD5 /* ProfileFieldSubtitle.swift in Sources */,
				64F84EDF2828F756001078EA /* ProfileFieldSeeAll.swift in Sources */,
				643694EF2828D95700FCCDD5 /* ProfileDesignation.swift in Sources */,
			);
			runOnlyForDeploymentPostprocessing = 0;
		};
/* End PBXSourcesBuildPhase section */

/* Begin PBXVariantGroup section */
		64555DA7281AC7190019CA37 /* Authentication.storyboard */ = {
			isa = PBXVariantGroup;
			children = (
				64555DA8281AC7190019CA37 /* Base */,
			);
			name = Authentication.storyboard;
			sourceTree = "<group>";
		};
		64555DAC281AC71D0019CA37 /* LaunchScreen.storyboard */ = {
			isa = PBXVariantGroup;
			children = (
				64555DAD281AC71D0019CA37 /* Base */,
			);
			name = LaunchScreen.storyboard;
			sourceTree = "<group>";
		};
/* End PBXVariantGroup section */

/* Begin XCBuildConfiguration section */
		64555DB0281AC71D0019CA37 /* Debug */ = {
			isa = XCBuildConfiguration;
			buildSettings = {
				ALWAYS_SEARCH_USER_PATHS = NO;
				CLANG_ANALYZER_NONNULL = YES;
				CLANG_ANALYZER_NUMBER_OBJECT_CONVERSION = YES_AGGRESSIVE;
				CLANG_CXX_LANGUAGE_STANDARD = "gnu++17";
				CLANG_CXX_LIBRARY = "libc++";
				CLANG_ENABLE_MODULES = YES;
				CLANG_ENABLE_OBJC_ARC = YES;
				CLANG_ENABLE_OBJC_WEAK = YES;
				CLANG_WARN_BLOCK_CAPTURE_AUTORELEASING = YES;
				CLANG_WARN_BOOL_CONVERSION = YES;
				CLANG_WARN_COMMA = YES;
				CLANG_WARN_CONSTANT_CONVERSION = YES;
				CLANG_WARN_DEPRECATED_OBJC_IMPLEMENTATIONS = YES;
				CLANG_WARN_DIRECT_OBJC_ISA_USAGE = YES_ERROR;
				CLANG_WARN_DOCUMENTATION_COMMENTS = YES;
				CLANG_WARN_EMPTY_BODY = YES;
				CLANG_WARN_ENUM_CONVERSION = YES;
				CLANG_WARN_INFINITE_RECURSION = YES;
				CLANG_WARN_INT_CONVERSION = YES;
				CLANG_WARN_NON_LITERAL_NULL_CONVERSION = YES;
				CLANG_WARN_OBJC_IMPLICIT_RETAIN_SELF = YES;
				CLANG_WARN_OBJC_LITERAL_CONVERSION = YES;
				CLANG_WARN_OBJC_ROOT_CLASS = YES_ERROR;
				CLANG_WARN_QUOTED_INCLUDE_IN_FRAMEWORK_HEADER = YES;
				CLANG_WARN_RANGE_LOOP_ANALYSIS = YES;
				CLANG_WARN_STRICT_PROTOTYPES = YES;
				CLANG_WARN_SUSPICIOUS_MOVE = YES;
				CLANG_WARN_UNGUARDED_AVAILABILITY = YES_AGGRESSIVE;
				CLANG_WARN_UNREACHABLE_CODE = YES;
				CLANG_WARN__DUPLICATE_METHOD_MATCH = YES;
				COPY_PHASE_STRIP = NO;
				DEBUG_INFORMATION_FORMAT = dwarf;
				ENABLE_STRICT_OBJC_MSGSEND = YES;
				ENABLE_TESTABILITY = YES;
				GCC_C_LANGUAGE_STANDARD = gnu11;
				GCC_DYNAMIC_NO_PIC = NO;
				GCC_NO_COMMON_BLOCKS = YES;
				GCC_OPTIMIZATION_LEVEL = 0;
				GCC_PREPROCESSOR_DEFINITIONS = (
					"DEBUG=1",
					"$(inherited)",
				);
				GCC_WARN_64_TO_32_BIT_CONVERSION = YES;
				GCC_WARN_ABOUT_RETURN_TYPE = YES_ERROR;
				GCC_WARN_UNDECLARED_SELECTOR = YES;
				GCC_WARN_UNINITIALIZED_AUTOS = YES_AGGRESSIVE;
				GCC_WARN_UNUSED_FUNCTION = YES;
				GCC_WARN_UNUSED_VARIABLE = YES;
				IPHONEOS_DEPLOYMENT_TARGET = 15.0;
				MTL_ENABLE_DEBUG_INFO = INCLUDE_SOURCE;
				MTL_FAST_MATH = YES;
				ONLY_ACTIVE_ARCH = YES;
				SDKROOT = iphoneos;
				SWIFT_ACTIVE_COMPILATION_CONDITIONS = DEBUG;
				SWIFT_OPTIMIZATION_LEVEL = "-Onone";
			};
			name = Debug;
		};
		64555DB1281AC71D0019CA37 /* Release */ = {
			isa = XCBuildConfiguration;
			buildSettings = {
				ALWAYS_SEARCH_USER_PATHS = NO;
				CLANG_ANALYZER_NONNULL = YES;
				CLANG_ANALYZER_NUMBER_OBJECT_CONVERSION = YES_AGGRESSIVE;
				CLANG_CXX_LANGUAGE_STANDARD = "gnu++17";
				CLANG_CXX_LIBRARY = "libc++";
				CLANG_ENABLE_MODULES = YES;
				CLANG_ENABLE_OBJC_ARC = YES;
				CLANG_ENABLE_OBJC_WEAK = YES;
				CLANG_WARN_BLOCK_CAPTURE_AUTORELEASING = YES;
				CLANG_WARN_BOOL_CONVERSION = YES;
				CLANG_WARN_COMMA = YES;
				CLANG_WARN_CONSTANT_CONVERSION = YES;
				CLANG_WARN_DEPRECATED_OBJC_IMPLEMENTATIONS = YES;
				CLANG_WARN_DIRECT_OBJC_ISA_USAGE = YES_ERROR;
				CLANG_WARN_DOCUMENTATION_COMMENTS = YES;
				CLANG_WARN_EMPTY_BODY = YES;
				CLANG_WARN_ENUM_CONVERSION = YES;
				CLANG_WARN_INFINITE_RECURSION = YES;
				CLANG_WARN_INT_CONVERSION = YES;
				CLANG_WARN_NON_LITERAL_NULL_CONVERSION = YES;
				CLANG_WARN_OBJC_IMPLICIT_RETAIN_SELF = YES;
				CLANG_WARN_OBJC_LITERAL_CONVERSION = YES;
				CLANG_WARN_OBJC_ROOT_CLASS = YES_ERROR;
				CLANG_WARN_QUOTED_INCLUDE_IN_FRAMEWORK_HEADER = YES;
				CLANG_WARN_RANGE_LOOP_ANALYSIS = YES;
				CLANG_WARN_STRICT_PROTOTYPES = YES;
				CLANG_WARN_SUSPICIOUS_MOVE = YES;
				CLANG_WARN_UNGUARDED_AVAILABILITY = YES_AGGRESSIVE;
				CLANG_WARN_UNREACHABLE_CODE = YES;
				CLANG_WARN__DUPLICATE_METHOD_MATCH = YES;
				COPY_PHASE_STRIP = NO;
				DEBUG_INFORMATION_FORMAT = "dwarf-with-dsym";
				ENABLE_NS_ASSERTIONS = NO;
				ENABLE_STRICT_OBJC_MSGSEND = YES;
				GCC_C_LANGUAGE_STANDARD = gnu11;
				GCC_NO_COMMON_BLOCKS = YES;
				GCC_WARN_64_TO_32_BIT_CONVERSION = YES;
				GCC_WARN_ABOUT_RETURN_TYPE = YES_ERROR;
				GCC_WARN_UNDECLARED_SELECTOR = YES;
				GCC_WARN_UNINITIALIZED_AUTOS = YES_AGGRESSIVE;
				GCC_WARN_UNUSED_FUNCTION = YES;
				GCC_WARN_UNUSED_VARIABLE = YES;
				IPHONEOS_DEPLOYMENT_TARGET = 15.0;
				MTL_ENABLE_DEBUG_INFO = NO;
				MTL_FAST_MATH = YES;
				SDKROOT = iphoneos;
				SWIFT_COMPILATION_MODE = wholemodule;
				SWIFT_OPTIMIZATION_LEVEL = "-O";
				VALIDATE_PRODUCT = YES;
			};
			name = Release;
		};
		64555DB3281AC71D0019CA37 /* Debug */ = {
			isa = XCBuildConfiguration;
			baseConfigurationReference = 27AD8E9F18DF84D1F7AE2CF6 /* Pods-JobSeek.debug.xcconfig */;
			buildSettings = {
				ASSETCATALOG_COMPILER_APPICON_NAME = AppIcon;
				ASSETCATALOG_COMPILER_GLOBAL_ACCENT_COLOR_NAME = AccentColor;
				CODE_SIGN_STYLE = Automatic;
				CURRENT_PROJECT_VERSION = 1;
				GENERATE_INFOPLIST_FILE = YES;
				INFOPLIST_FILE = JobSeek/Info.plist;
				INFOPLIST_KEY_UIApplicationSupportsIndirectInputEvents = YES;
				INFOPLIST_KEY_UILaunchStoryboardName = LaunchScreen;
				INFOPLIST_KEY_UIMainStoryboardFile = Authentication;
				INFOPLIST_KEY_UISupportedInterfaceOrientations_iPad = "UIInterfaceOrientationPortrait UIInterfaceOrientationPortraitUpsideDown UIInterfaceOrientationLandscapeLeft UIInterfaceOrientationLandscapeRight";
				INFOPLIST_KEY_UISupportedInterfaceOrientations_iPhone = "UIInterfaceOrientationPortrait UIInterfaceOrientationLandscapeLeft UIInterfaceOrientationLandscapeRight";
				LD_RUNPATH_SEARCH_PATHS = (
					"$(inherited)",
					"@executable_path/Frameworks",
				);
				MARKETING_VERSION = 1.0;
				PRODUCT_BUNDLE_IDENTIFIER = com.example.JobSeek;
				PRODUCT_NAME = "$(TARGET_NAME)";
				SWIFT_EMIT_LOC_STRINGS = YES;
				SWIFT_VERSION = 5.0;
				TARGETED_DEVICE_FAMILY = "1,2";
			};
			name = Debug;
		};
		64555DB4281AC71D0019CA37 /* Release */ = {
			isa = XCBuildConfiguration;
			baseConfigurationReference = EFBA358AFC2C62EAD5FDD74B /* Pods-JobSeek.release.xcconfig */;
			buildSettings = {
				ASSETCATALOG_COMPILER_APPICON_NAME = AppIcon;
				ASSETCATALOG_COMPILER_GLOBAL_ACCENT_COLOR_NAME = AccentColor;
				CODE_SIGN_STYLE = Automatic;
				CURRENT_PROJECT_VERSION = 1;
				GENERATE_INFOPLIST_FILE = YES;
				INFOPLIST_FILE = JobSeek/Info.plist;
				INFOPLIST_KEY_UIApplicationSupportsIndirectInputEvents = YES;
				INFOPLIST_KEY_UILaunchStoryboardName = LaunchScreen;
				INFOPLIST_KEY_UIMainStoryboardFile = Authentication;
				INFOPLIST_KEY_UISupportedInterfaceOrientations_iPad = "UIInterfaceOrientationPortrait UIInterfaceOrientationPortraitUpsideDown UIInterfaceOrientationLandscapeLeft UIInterfaceOrientationLandscapeRight";
				INFOPLIST_KEY_UISupportedInterfaceOrientations_iPhone = "UIInterfaceOrientationPortrait UIInterfaceOrientationLandscapeLeft UIInterfaceOrientationLandscapeRight";
				LD_RUNPATH_SEARCH_PATHS = (
					"$(inherited)",
					"@executable_path/Frameworks",
				);
				MARKETING_VERSION = 1.0;
				PRODUCT_BUNDLE_IDENTIFIER = com.example.JobSeek;
				PRODUCT_NAME = "$(TARGET_NAME)";
				SWIFT_EMIT_LOC_STRINGS = YES;
				SWIFT_VERSION = 5.0;
				TARGETED_DEVICE_FAMILY = "1,2";
			};
			name = Release;
		};
/* End XCBuildConfiguration section */

/* Begin XCConfigurationList section */
		64555D99281AC7190019CA37 /* Build configuration list for PBXProject "JobSeek" */ = {
			isa = XCConfigurationList;
			buildConfigurations = (
				64555DB0281AC71D0019CA37 /* Debug */,
				64555DB1281AC71D0019CA37 /* Release */,
			);
			defaultConfigurationIsVisible = 0;
			defaultConfigurationName = Release;
		};
		64555DB2281AC71D0019CA37 /* Build configuration list for PBXNativeTarget "JobSeek" */ = {
			isa = XCConfigurationList;
			buildConfigurations = (
				64555DB3281AC71D0019CA37 /* Debug */,
				64555DB4281AC71D0019CA37 /* Release */,
			);
			defaultConfigurationIsVisible = 0;
			defaultConfigurationName = Release;
		};
/* End XCConfigurationList section */
	};
	rootObject = 64555D96281AC7190019CA37 /* Project object */;
}
